hash: 7e746d3fbaee6a3316ac92f50bfd3a2289ba11058eaebd0ff00fc645bf221420
updated: 2019-10-26T21:53:44.230919-03:00
imports:
- name: github.com/golang/protobuf
  version: 6c65a5562fc06764971b7c5d05c76c75e84bdbf7
- name: github.com/grpc-ecosystem/grpc-gateway
  version: ece8fdf051b731392b407fdb9a9b1b9ffb6f9793
  subpackages:
  - third_party/googleapis
- name: google.golang.org/genproto
  version: 548a555dbc03994223efbaba0090152849259498
testImports: []
